
Microsoft Visual Studio Solution File, Format Version 12.00
# Visual Studio 14
VisualStudioVersion = 14.0.25420.1
MinimumVisualStudioVersion = 10.0.40219.1
Project("{FAE04EC0-301F-11D3-BF4B-00C04F79EFBC}") = "Comp123-S2017-Lesson11A", "Comp123-S2017-Lesson11A.csproj", "{FE81C7CF-1ED1-47CA-B00C-E81124B771C9}"
EndProject
Global
	GlobalSection(SolutionConfigurationPlatforms) = preSolution
		Debug|Any CPU = Debug|Any CPU
		Release|Any CPU = Release|Any CPU
	EndGlobalSection
	GlobalSection(ProjectConfigurationPlatforms) = postSolution
		{FE81C7CF-1ED1-47CA-B00C-E81124B771C9}.Debug|Any CPU.ActiveCfg = Debug|Any CPU
		{FE81C7CF-1ED1-47CA-B00C-E81124B771C9}.Debug|Any CPU.Build.0 = Debug|Any CPU
		{FE81C7CF-1ED1-47CA-B00C-E81124B771C9}.Release|Any CPU.ActiveCfg = Release|Any CPU
		{FE81C7CF-1ED1-47CA-B00C-E81124B771C9}.Release|Any CPU.Build.0 = Release|Any CPU
	EndGlobalSection
	GlobalSection(SolutionProperties) = preSolution
		HideSolutionNode = FALSE
	EndGlobalSection
EndGlobal
